{
  "version": 4,
  "terraform_version": "1.14.9",
  "serial": 378,
  "lineage": "9f3bed7c-02c7-1778-b7eb-91ce16c14e4f",
  "outputs": {},
  "resources": [
    {
      "module": "module.acm",
      "mode": "managed",
      "type": "aws_acm_certificate",
      "name": "api_cert",
      "provider": "provider[\"registry.terraform.io/hashicorp/aws\"]",
      "instances": [
        {
          "schema_version": 0,
          "attributes": {
            "arn": "arn:aws:acm:us-east-1:625444834398:certificate/dc7a77aa-4f2b-4c10-be86-06f3897d847a",
            "certificate_authority_arn": "",
            "certificate_body": null,
            "certificate_chain": null,
            "domain_name": "chisomeze.online",
            "domain_validation_options": [
              {
                "domain_name": "*.chisomeze.online",
                "resource_record_name": "_96f49f3383f7fe8c3d57b5aab9b5b633.chisomeze.online.",
                "resource_record_type": "CNAME",
                "resource_record_value": "_db5e6f978467d1b5f7977783e2927d41.jkddzztszm.acm-validations.aws."
              },
              {
                "domain_name": "chisomeze.online",
                "resource_record_name": "_96f49f3383f7fe8c3d57b5aab9b5b633.chisomeze.online.",
                "resource_record_type": "CNAME",
                "resource_record_value": "_db5e6f978467d1b5f7977783e2927d41.jkddzztszm.acm-validations.aws."
              }
            ],
            "early_renewal_duration": "",
            "id": "arn:aws:acm:us-east-1:625444834398:certificate/dc7a77aa-4f2b-4c10-be86-06f3897d847a",
            "key_algorithm": "RSA_2048",
            "not_after": "2026-12-03T23:59:59Z",
            "not_before": "2026-05-20T00:00:00Z",
            "options": [
              {
                "certificate_transparency_logging_preference": "ENABLED",
                "export": "DISABLED"
              }
            ],
            "pending_renewal": false,
            "private_key": null,
            "region": "us-east-1",
            "renewal_eligibility": "INELIGIBLE",
            "renewal_summary": [],
            "status": "ISSUED",
            "subject_alternative_names": [
              "*.chisomeze.online",
              "chisomeze.online"
            ],
            "tags": {
              "Environment": "dev",
              "ManagedBy": "terraform",
              "Owner": "chisom",
              "Project": "expense-tracker"
            },
            "tags_all": {
              "Environment": "dev",
              "ManagedBy": "terraform",
              "Owner": "chisom",
              "Project": "expense-tracker"
            },
            "type": "AMAZON_ISSUED",
            "validation_emails": [],
            "validation_method": "DNS",
            "validation_option": []
          },
          "sensitive_attributes": [
            [
              {
                "type": "get_attr",
                "value": "private_key"
              }
            ]
          ],
          "identity_schema_version": 0,
          "identity": {
            "arn": "arn:aws:acm:us-east-1:625444834398:certificate/dc7a77aa-4f2b-4c10-be86-06f3897d847a"
          },
          "private": "bnVsbA==",
          "create_before_destroy": true
        }
      ]
    },
    {
      "module": "module.alb",
      "mode": "managed",
      "type": "aws_lb",
      "name": "app",
      "provider": "provider[\"registry.terraform.io/hashicorp/aws\"]",
      "instances": [
        {
          "schema_version": 0,
          "attributes": {
            "access_logs": [
              {
                "bucket": "",
                "enabled": false,
                "prefix": ""
              }
            ],
            "arn": "arn:aws:elasticloadbalancing:us-east-1:625444834398:loadbalancer/app/expense-tracker-dev-alb/914a4bd62007b36c",
            "arn_suffix": "app/expense-tracker-dev-alb/914a4bd62007b36c",
            "client_keep_alive": 3600,
            "connection_logs": [
              {
                "bucket": "",
                "enabled": false,
                "prefix": ""
              }
            ],
            "customer_owned_ipv4_pool": "",
            "desync_mitigation_mode": "defensive",
            "dns_name": "expense-tracker-dev-alb-889354652.us-east-1.elb.amazonaws.com",
            "dns_record_client_routing_policy": null,
            "drop_invalid_header_fields": false,
            "enable_cross_zone_load_balancing": true,
            "enable_deletion_protection": false,
            "enable_http2": true,
            "enable_tls_version_and_cipher_suite_headers": false,
            "enable_waf_fail_open": false,
            "enable_xff_client_port": false,
            "enable_zonal_shift": false,
            "enforce_security_group_inbound_rules_on_private_link_traffic": "",
            "health_check_logs": [
              {
                "bucket": "",
                "enabled": false,
                "prefix": ""
              }
            ],
            "id": "arn:aws:elasticloadbalancing:us-east-1:625444834398:loadbalancer/app/expense-tracker-dev-alb/914a4bd62007b36c",
            "idle_timeout": 60,
            "internal": false,
            "ip_address_type": "ipv4",
            "ipam_pools": [],
            "load_balancer_type": "application",
            "minimum_load_balancer_capacity": [],
            "name": "expense-tracker-dev-alb",
            "name_prefix": "",
            "preserve_host_header": false,
            "region": "us-east-1",
            "secondary_ips_auto_assigned_per_subnet": null,
            "security_groups": [
              "sg-038e09a15b041a6bb"
            ],
            "subnet_mapping": [
              {
                "allocation_id": "",
                "ipv6_address": "",
                "outpost_id": "",
                "private_ipv4_address": "",
                "subnet_id": "subnet-0288e41d00fcc0f7e"
              },
              {
                "allocation_id": "",
                "ipv6_address": "",
                "outpost_id": "",
                "private_ipv4_address": "",
                "subnet_id": "subnet-07828bfa0bb517c14"
              },
              {
                "allocation_id": "",
                "ipv6_address": "",
                "outpost_id": "",
                "private_ipv4_address": "",
                "subnet_id": "subnet-07a21dad870439056"
              },
              {
                "allocation_id": "",
                "ipv6_address": "",
                "outpost_id": "",
                "private_ipv4_address": "",
                "subnet_id": "subnet-083297fa67f45925c"
              },
              {
                "allocation_id": "",
                "ipv6_address": "",
                "outpost_id": "",
                "private_ipv4_address": "",
                "subnet_id": "subnet-0ba1c4eaed5c7490f"
              },
              {
                "allocation_id": "",
                "ipv6_address": "",
                "outpost_id": "",
                "private_ipv4_address": "",
                "subnet_id": "subnet-0f0f21e921fde0313"
              }
            ],
            "subnets": [
              "subnet-0288e41d00fcc0f7e",
              "subnet-07828bfa0bb517c14",
              "subnet-07a21dad870439056",
              "subnet-083297fa67f45925c",
              "subnet-0ba1c4eaed5c7490f",
              "subnet-0f0f21e921fde0313"
            ],
            "tags": {
              "Environment": "dev",
              "ManagedBy": "terraform",
              "Owner": "chisom",
              "Project": "expense-tracker"
            },
            "tags_all": {
              "Environment": "dev",
              "ManagedBy": "terraform",
              "Owner": "chisom",
              "Project": "expense-tracker"
            },
            "timeouts": null,
            "vpc_id": "vpc-086b6ecf93cff0e1d",
            "xff_header_processing_mode": "append",
            "zone_id": "Z35SXDOTRQ7X7K"
          },
          "sensitive_attributes": [],
          "identity_schema_version": 0,
          "identity": {
            "arn": "arn:aws:elasticloadbalancing:us-east-1:625444834398:loadbalancer/app/expense-tracker-dev-alb/914a4bd62007b36c"
          },
          "private": "eyJlMmJmYjczMC1lY2FhLTExZTYtOGY4OC0zNDM2M2JjN2M0YzAiOnsiY3JlYXRlIjo2MDAwMDAwMDAwMDAsImRlbGV0ZSI6NjAwMDAwMDAwMDAwLCJ1cGRhdGUiOjYwMDAwMDAwMDAwMH19",
          "dependencies": [
            "module.alb.aws_security_group.alb_sg",
            "module.networking.data.aws_subnets.default",
            "module.networking.data.aws_vpc.default"
          ]
        }
      ]
    },
    {
      "module": "module.alb",
      "mode": "managed",
      "type": "aws_lb_listener",
      "name": "http",
      "provider": "provider[\"registry.terraform.io/hashicorp/aws\"]",
      "instances": [
        {
          "schema_version": 0,
          "attributes": {
            "alpn_policy": null,
            "arn": "arn:aws:elasticloadbalancing:us-east-1:625444834398:listener/app/expense-tracker-dev-alb/914a4bd62007b36c/dc5e72bb5a4bfbf6",
            "certificate_arn": null,
            "default_action": [
              {
                "authenticate_cognito": [],
                "authenticate_oidc": [],
                "fixed_response": [],
                "forward": [],
                "jwt_validation": [],
                "order": 1,
                "redirect": [
                  {
                    "host": "#{host}",
                    "path": "/#{path}",
                    "port": "443",
                    "protocol": "HTTPS",
                    "query": "#{query}",
                    "status_code": "HTTP_301"
                  }
                ],
                "target_group_arn": "",
                "type": "redirect"
              }
            ],
            "id": "arn:aws:elasticloadbalancing:us-east-1:625444834398:listener/app/expense-tracker-dev-alb/914a4bd62007b36c/dc5e72bb5a4bfbf6",
            "load_balancer_arn": "arn:aws:elasticloadbalancing:us-east-1:625444834398:loadbalancer/app/expense-tracker-dev-alb/914a4bd62007b36c",
            "mutual_authentication": [],
            "port": 80,
            "protocol": "HTTP",
            "region": "us-east-1",
            "routing_http_request_x_amzn_mtls_clientcert_header_name": null,
            "routing_http_request_x_amzn_mtls_clientcert_issuer_header_name": null,
            "routing_http_request_x_amzn_mtls_clientcert_leaf_header_name": null,
            "routing_http_request_x_amzn_mtls_clientcert_serial_number_header_name": null,
            "routing_http_request_x_amzn_mtls_clientcert_subject_header_name": null,
            "routing_http_request_x_amzn_mtls_clientcert_validity_header_name": null,
            "routing_http_request_x_amzn_tls_cipher_suite_header_name": null,
            "routing_http_request_x_amzn_tls_version_header_name": null,
            "routing_http_response_access_control_allow_credentials_header_value": "",
            "routing_http_response_access_control_allow_headers_header_value": "",
            "routing_http_response_access_control_allow_methods_header_value": "",
            "routing_http_response_access_control_allow_origin_header_value": "",
            "routing_http_response_access_control_expose_headers_header_value": "",
            "routing_http_response_access_control_max_age_header_value": "",
            "routing_http_response_content_security_policy_header_value": "",
            "routing_http_response_server_enabled": true,
            "routing_http_response_strict_transport_security_header_value": "",
            "routing_http_response_x_content_type_options_header_value": "",
            "routing_http_response_x_frame_options_header_value": "",
            "ssl_policy": "",
            "tags": {},
            "tags_all": {},
            "tcp_idle_timeout_seconds": null,
            "timeouts": null
          },
          "sensitive_attributes": [],
          "identity_schema_version": 0,
          "identity": {
            "arn": "arn:aws:elasticloadbalancing:us-east-1:625444834398:listener/app/expense-tracker-dev-alb/914a4bd62007b36c/dc5e72bb5a4bfbf6"
          },
          "private": "eyJlMmJmYjczMC1lY2FhLTExZTYtOGY4OC0zNDM2M2JjN2M0YzAiOnsiY3JlYXRlIjozMDAwMDAwMDAwMDAsInVwZGF0ZSI6MzAwMDAwMDAwMDAwfX0=",
          "dependencies": [
            "module.alb.aws_lb.app",
            "module.alb.aws_security_group.alb_sg",
            "module.networking.data.aws_subnets.default",
            "module.networking.data.aws_vpc.default"
          ]
        }
      ]
    },
    {
      "module": "module.alb",
      "mode": "managed",
      "type": "aws_lb_target_group",
      "name": "app",
      "provider": "provider[\"registry.terraform.io/hashicorp/aws\"]",
      "instances": [
        {
          "schema_version": 0,
          "attributes": {
            "arn": "arn:aws:elasticloadbalancing:us-east-1:625444834398:targetgroup/expense-tracker-dev-tg/a27fa114e9e1c64d",
            "arn_suffix": "targetgroup/expense-tracker-dev-tg/a27fa114e9e1c64d",
            "connection_termination": null,
            "deregistration_delay": "30",
            "health_check": [
              {
                "enabled": true,
                "healthy_threshold": 2,
                "interval": 30,
                "matcher": "200-399",
                "path": "/docs/",
                "port": "traffic-port",
                "protocol": "HTTP",
                "timeout": 5,
                "unhealthy_threshold": 3
              }
            ],
            "id": "arn:aws:elasticloadbalancing:us-east-1:625444834398:targetgroup/expense-tracker-dev-tg/a27fa114e9e1c64d",
            "ip_address_type": "ipv4",
            "lambda_multi_value_headers_enabled": false,
            "load_balancer_arns": [],
            "load_balancing_algorithm_type": "round_robin",
            "load_balancing_anomaly_mitigation": "off",
            "load_balancing_cross_zone_enabled": "use_load_balancer_configuration",
            "name": "expense-tracker-dev-tg",
            "name_prefix": "",
            "port": 8000,
            "preserve_client_ip": null,
            "protocol": "HTTP",
            "protocol_version": "HTTP1",
            "proxy_protocol_v2": false,
            "region": "us-east-1",
            "slow_start": 0,
            "stickiness": [
              {
                "cookie_duration": 86400,
                "cookie_name": "",
                "enabled": false,
                "type": "lb_cookie"
              }
            ],
            "tags": {
              "Environment": "dev",
              "ManagedBy": "terraform",
              "Owner": "chisom",
              "Project": "expense-tracker"
            },
            "tags_all": {
              "Environment": "dev",
              "ManagedBy": "terraform",
              "Owner": "chisom",
              "Project": "expense-tracker"
            },
            "target_control_port": 0,
            "target_failover": [
              {
                "on_deregistration": null,
                "on_unhealthy": null
              }
            ],
            "target_group_health": [
              {
                "dns_failover": [
                  {
                    "minimum_healthy_targets_count": "1",
                    "minimum_healthy_targets_percentage": "off"
                  }
                ],
                "unhealthy_state_routing": [
                  {
                    "minimum_healthy_targets_count": 1,
                    "minimum_healthy_targets_percentage": "off"
                  }
                ]
              }
            ],
            "target_health_state": [
              {
                "enable_unhealthy_connection_termination": null,
                "unhealthy_draining_interval": null
              }
            ],
            "target_type": "ip",
            "vpc_id": "vpc-086b6ecf93cff0e1d"
          },
          "sensitive_attributes": [],
          "identity_schema_version": 0,
          "identity": {
            "arn": "arn:aws:elasticloadbalancing:us-east-1:625444834398:targetgroup/expense-tracker-dev-tg/a27fa114e9e1c64d"
          },
          "private": "bnVsbA==",
          "dependencies": [
            "module.networking.data.aws_vpc.default"
          ]
        }
      ]
    },
    {
      "module": "module.alb",
      "mode": "managed",
      "type": "aws_security_group",
      "name": "alb_sg",
      "provider": "provider[\"registry.terraform.io/hashicorp/aws\"]",
      "instances": [
        {
          "schema_version": 1,
          "attributes": {
            "arn": "arn:aws:ec2:us-east-1:625444834398:security-group/sg-038e09a15b041a6bb",
            "description": "Managed by Terraform",
            "egress": [
              {
                "cidr_blocks": [
                  "0.0.0.0/0"
                ],
                "description": "",
                "from_port": 0,
                "ipv6_cidr_blocks": [],
                "prefix_list_ids": [],
                "protocol": "-1",
                "security_groups": [],
                "self": false,
                "to_port": 0
              }
            ],
            "id": "sg-038e09a15b041a6bb",
            "ingress": [
              {
                "cidr_blocks": [
                  "0.0.0.0/0"
                ],
                "description": "",
                "from_port": 443,
                "ipv6_cidr_blocks": [],
                "prefix_list_ids": [],
                "protocol": "tcp",
                "security_groups": [],
                "self": false,
                "to_port": 443
              },
              {
                "cidr_blocks": [
                  "0.0.0.0/0"
                ],
                "description": "",
                "from_port": 80,
                "ipv6_cidr_blocks": [],
                "prefix_list_ids": [],
                "protocol": "tcp",
                "security_groups": [],
                "self": false,
                "to_port": 80
              }
            ],
            "name": "expense-tracker-dev-alb-sg",
            "name_prefix": "",
            "owner_id": "625444834398",
            "region": "us-east-1",
            "revoke_rules_on_delete": false,
            "tags": {
              "Environment": "dev",
              "ManagedBy": "terraform",
              "Owner": "chisom",
              "Project": "expense-tracker"
            },
            "tags_all": {
              "Environment": "dev",
              "ManagedBy": "terraform",
              "Owner": "chisom",
              "Project": "expense-tracker"
            },
            "timeouts": null,
            "vpc_id": "vpc-086b6ecf93cff0e1d"
          },
          "sensitive_attributes": [],
          "identity_schema_version": 0,
          "identity": {
            "account_id": "625444834398",
            "id": "sg-038e09a15b041a6bb",
            "region": "us-east-1"
          },
          "private": "eyJlMmJmYjczMC1lY2FhLTExZTYtOGY4OC0zNDM2M2JjN2M0YzAiOnsiY3JlYXRlIjo2MDAwMDAwMDAwMDAsImRlbGV0ZSI6OTAwMDAwMDAwMDAwfSwic2NoZW1hX3ZlcnNpb24iOiIxIn0=",
          "dependencies": [
            "module.networking.data.aws_vpc.default"
          ]
        }
      ]
    },
    {
      "module": "module.backend",
      "mode": "managed",
      "type": "aws_dynamodb_table",
      "name": "terraform_locks",
      "provider": "provider[\"registry.terraform.io/hashicorp/aws\"]",
      "instances": [
        {
          "schema_version": 1,
          "attributes": {
            "arn": "arn:aws:dynamodb:us-east-1:625444834398:table/expense-tracker-tf-locks",
            "attribute": [
              {
                "name": "LockID",
                "type": "S"
              }
            ],
            "billing_mode": "PAY_PER_REQUEST",
            "deletion_protection_enabled": false,
            "global_secondary_index": [],
            "global_table_witness": [],
            "hash_key": "LockID",
            "id": "expense-tracker-tf-locks",
            "import_table": [],
            "local_secondary_index": [],
            "name": "expense-tracker-tf-locks",
            "on_demand_throughput": [],
            "point_in_time_recovery": [
              {
                "enabled": false,
                "recovery_period_in_days": 0
              }
            ],
            "range_key": null,
            "read_capacity": 0,
            "region": "us-east-1",
            "replica": [],
            "restore_backup_arn": null,
            "restore_date_time": null,
            "restore_source_name": null,
            "restore_source_table_arn": null,
            "restore_to_latest_time": null,
            "server_side_encryption": [],
            "stream_arn": "",
            "stream_enabled": false,
            "stream_label": "",
            "stream_view_type": "",
            "table_class": "STANDARD",
            "tags": {
              "Environment": "dev",
              "ManagedBy": "terraform",
              "Owner": "chisom",
              "Project": "expense-tracker"
            },
            "tags_all": {
              "Environment": "dev",
              "ManagedBy": "terraform",
              "Owner": "chisom",
              "Project": "expense-tracker"
            },
            "timeouts": null,
            "ttl": [
              {
                "attribute_name": "",
                "enabled": false
              }
            ],
            "warm_throughput": [],
            "write_capacity": 0
          },
          "sensitive_attributes": [],
          "identity_schema_version": 0,
          "identity": {
            "account_id": "625444834398",
            "name": "expense-tracker-tf-locks",
            "region": "us-east-1"
          },
          "private": "eyJlMmJmYjczMC1lY2FhLTExZTYtOGY4OC0zNDM2M2JjN2M0YzAiOnsiY3JlYXRlIjoxODAwMDAwMDAwMDAwLCJkZWxldGUiOjYwMDAwMDAwMDAwMCwidXBkYXRlIjozNjAwMDAwMDAwMDAwfSwic2NoZW1hX3ZlcnNpb24iOiIxIn0="
        }
      ]
    },
    {
      "module": "module.backend",
      "mode": "managed",
      "type": "aws_s3_bucket",
      "name": "terraform_state",
      "provider": "provider[\"registry.terraform.io/hashicorp/aws\"]",
      "instances": [
        {
          "schema_version": 0,
          "attributes": {
            "acceleration_status": "",
            "acl": null,
            "arn": "arn:aws:s3:::expense-tracker-tf-state-us-east-1",
            "bucket": "expense-tracker-tf-state-us-east-1",
            "bucket_domain_name": "expense-tracker-tf-state-us-east-1.s3.amazonaws.com",
            "bucket_namespace": "global",
            "bucket_prefix": "",
            "bucket_region": "us-east-1",
            "bucket_regional_domain_name": "expense-tracker-tf-state-us-east-1.s3.us-east-1.amazonaws.com",
            "cors_rule": [],
            "force_destroy": false,
            "grant": [
              {
                "id": "0236ed6bb6ba4e28d507b2c0056c5cf9c317f5ba5d202bccd7eccc6c0195c6ea",
                "permissions": [
                  "FULL_CONTROL"
                ],
                "type": "CanonicalUser",
                "uri": ""
              }
            ],
            "hosted_zone_id": "Z3AQBSTGFYJSTF",
            "id": "expense-tracker-tf-state-us-east-1",
            "lifecycle_rule": [],
            "logging": [],
            "object_lock_configuration": [],
            "object_lock_enabled": false,
            "policy": "",
            "region": "us-east-1",
            "replication_configuration": [],
            "request_payer": "BucketOwner",
            "server_side_encryption_configuration": [
              {
                "rule": [
                  {
                    "apply_server_side_encryption_by_default": [
                      {
                        "kms_master_key_id": "",
                        "sse_algorithm": "AES256"
                      }
                    ],
                    "bucket_key_enabled": false
                  }
                ]
              }
            ],
            "tags": {
              "Environment": "dev",
              "ManagedBy": "terraform",
              "Owner": "chisom",
              "Project": "expense-tracker"
            },
            "tags_all": {
              "Environment": "dev",
              "ManagedBy": "terraform",
              "Owner": "chisom",
              "Project": "expense-tracker"
            },
            "timeouts": null,
            "versioning": [
              {
                "enabled": true,
                "mfa_delete": false
              }
            ],
            "website": [],
            "website_domain": null,
            "website_endpoint": null
          },
          "sensitive_attributes": [],
          "identity_schema_version": 0,
          "identity": {
            "account_id": "625444834398",
            "bucket": "expense-tracker-tf-state-us-east-1",
            "region": "us-east-1"
          },
          "private": "eyJlMmJmYjczMC1lY2FhLTExZTYtOGY4OC0zNDM2M2JjN2M0YzAiOnsiY3JlYXRlIjoxMjAwMDAwMDAwMDAwLCJkZWxldGUiOjM2MDAwMDAwMDAwMDAsInJlYWQiOjEyMDAwMDAwMDAwMDAsInVwZGF0ZSI6MTIwMDAwMDAwMDAwMH19"
        }
      ]
    },
    {
      "module": "module.backend",
      "mode": "managed",
      "type": "aws_s3_bucket_server_side_encryption_configuration",
      "name": "terraform_state",
      "provider": "provider[\"registry.terraform.io/hashicorp/aws\"]",
      "instances": [
        {
          "schema_version": 0,
          "attributes": {
            "bucket": "expense-tracker-tf-state-us-east-1",
            "expected_bucket_owner": "",
            "id": "expense-tracker-tf-state-us-east-1",
            "region": "us-east-1",
            "rule": [
              {
                "apply_server_side_encryption_by_default": [
                  {
                    "kms_master_key_id": "",
                    "sse_algorithm": "AES256"
                  }
                ],
                "blocked_encryption_types": [
                  "SSE-C"
                ],
                "bucket_key_enabled": false
              }
            ]
          },
          "sensitive_attributes": [],
          "identity_schema_version": 1,
          "identity": {
            "account_id": "625444834398",
            "bucket": "expense-tracker-tf-state-us-east-1",
            "region": "us-east-1"
          },
          "private": "bnVsbA==",
          "dependencies": [
            "module.backend.aws_s3_bucket.terraform_state"
          ]
        }
      ]
    },
    {
      "module": "module.backend",
      "mode": "managed",
      "type": "aws_s3_bucket_versioning",
      "name": "terraform_state",
      "provider": "provider[\"registry.terraform.io/hashicorp/aws\"]",
      "instances": [
        {
          "schema_version": 0,
          "attributes": {
            "bucket": "expense-tracker-tf-state-us-east-1",
            "expected_bucket_owner": "",
            "id": "expense-tracker-tf-state-us-east-1",
            "mfa": null,
            "region": "us-east-1",
            "versioning_configuration": [
              {
                "mfa_delete": "",
                "status": "Enabled"
              }
            ]
          },
          "sensitive_attributes": [],
          "identity_schema_version": 1,
          "identity": {
            "account_id": "625444834398",
            "bucket": "expense-tracker-tf-state-us-east-1",
            "region": "us-east-1"
          },
          "private": "bnVsbA==",
          "dependencies": [
            "module.backend.aws_s3_bucket.terraform_state"
          ]
        }
      ]
    },
    {
      "module": "module.dns",
      "mode": "managed",
      "type": "aws_route53_record",
      "name": "api_alias",
      "provider": "provider[\"registry.terraform.io/hashicorp/aws\"]",
      "instances": [
        {
          "schema_version": 2,
          "attributes": {
            "alias": [
              {
                "evaluate_target_health": true,
                "name": "expense-tracker-dev-alb-889354652.us-east-1.elb.amazonaws.com",
                "zone_id": "Z35SXDOTRQ7X7K"
              }
            ],
            "allow_overwrite": null,
            "cidr_routing_policy": [],
            "failover_routing_policy": [],
            "fqdn": "api.chisomeze.online",
            "geolocation_routing_policy": [],
            "geoproximity_routing_policy": [],
            "health_check_id": "",
            "id": "Z101295913PE9V7T2303E_api_A",
            "latency_routing_policy": [],
            "multivalue_answer_routing_policy": false,
            "name": "api",
            "records": [],
            "set_identifier": "",
            "timeouts": null,
            "ttl": 0,
            "type": "A",
            "weighted_routing_policy": [],
            "zone_id": "Z101295913PE9V7T2303E"
          },
          "sensitive_attributes": [],
          "identity_schema_version": 0,
          "identity": {
            "account_id": "625444834398",
            "name": "api",
            "set_identifier": null,
            "type": "A",
            "zone_id": "Z101295913PE9V7T2303E"
          },
          "private": "eyJlMmJmYjczMC1lY2FhLTExZTYtOGY4OC0zNDM2M2JjN2M0YzAiOnsiY3JlYXRlIjoxODAwMDAwMDAwMDAwLCJkZWxldGUiOjE4MDAwMDAwMDAwMDAsInVwZGF0ZSI6MTgwMDAwMDAwMDAwMH0sInNjaGVtYV92ZXJzaW9uIjoiMiJ9",
          "dependencies": [
            "module.alb.aws_lb.app",
            "module.alb.aws_security_group.alb_sg",
            "module.dns.aws_route53_zone.main",
            "module.networking.data.aws_subnets.default",
            "module.networking.data.aws_vpc.default"
          ]
        }
      ]
    },
    {
      "module": "module.dns",
      "mode": "managed",
      "type": "aws_route53_record",
      "name": "cert_validation",
      "provider": "provider[\"registry.terraform.io/hashicorp/aws\"]",
      "instances": [
        {
          "index_key": "_96f49f3383f7fe8c3d57b5aab9b5b633.chisomeze.online.",
          "status": "tainted",
          "schema_version": 2,
          "attributes": {
            "alias": [],
            "allow_overwrite": true,
            "cidr_routing_policy": [],
            "failover_routing_policy": [],
            "fqdn": null,
            "geolocation_routing_policy": [],
            "geoproximity_routing_policy": [],
            "health_check_id": null,
            "id": "Z101295913PE9V7T2303E__96f49f3383f7fe8c3d57b5aab9b5b633.chisomeze.online._CNAME",
            "latency_routing_policy": [],
            "multivalue_answer_routing_policy": null,
            "name": "_96f49f3383f7fe8c3d57b5aab9b5b633.chisomeze.online",
            "records": [
              "_db5e6f978467d1b5f7977783e2927d41.jkddzztszm.acm-validations.aws."
            ],
            "set_identifier": null,
            "timeouts": null,
            "ttl": 60,
            "type": "CNAME",
            "weighted_routing_policy": [],
            "zone_id": "Z101295913PE9V7T2303E"
          },
          "sensitive_attributes": [],
          "identity_schema_version": 0,
          "private": "eyJlMmJmYjczMC1lY2FhLTExZTYtOGY4OC0zNDM2M2JjN2M0YzAiOnsiY3JlYXRlIjoxODAwMDAwMDAwMDAwLCJkZWxldGUiOjE4MDAwMDAwMDAwMDAsInVwZGF0ZSI6MTgwMDAwMDAwMDAwMH0sInNjaGVtYV92ZXJzaW9uIjoiMiJ9",
          "dependencies": [
            "module.acm.aws_acm_certificate.api_cert",
            "module.dns.aws_route53_zone.main"
          ]
        }
      ]
    },
    {
      "module": "module.dns",
      "mode": "managed",
      "type": "aws_route53_zone",
      "name": "main",
      "provider": "provider[\"registry.terraform.io/hashicorp/aws\"]",
      "instances": [
        {
          "schema_version": 0,
          "attributes": {
            "arn": "arn:aws:route53:::hostedzone/Z101295913PE9V7T2303E",
            "comment": "Managed by Terraform",
            "delegation_set_id": "",
            "enable_accelerated_recovery": false,
            "force_destroy": false,
            "id": "Z101295913PE9V7T2303E",
            "name": "chisomeze.online",
            "name_servers": [
              "ns-1010.awsdns-62.net",
              "ns-1081.awsdns-07.org",
              "ns-1882.awsdns-43.co.uk",
              "ns-344.awsdns-43.com"
            ],
            "primary_name_server": "ns-344.awsdns-43.com",
            "tags": {
              "Environment": "dev",
              "ManagedBy": "terraform",
              "Owner": "chisom",
              "Project": "expense-tracker"
            },
            "tags_all": {
              "Environment": "dev",
              "ManagedBy": "terraform",
              "Owner": "chisom",
              "Project": "expense-tracker"
            },
            "timeouts": null,
            "vpc": [],
            "zone_id": "Z101295913PE9V7T2303E"
          },
          "sensitive_attributes": [],
          "identity_schema_version": 0,
          "identity": {
            "account_id": "625444834398",
            "zone_id": "Z101295913PE9V7T2303E"
          },
          "private": "eyJlMmJmYjczMC1lY2FhLTExZTYtOGY4OC0zNDM2M2JjN2M0YzAiOnsiY3JlYXRlIjoxODAwMDAwMDAwMDAwLCJkZWxldGUiOjE4MDAwMDAwMDAwMDAsInVwZGF0ZSI6MTgwMDAwMDAwMDAwMH19"
        }
      ]
    },
    {
      "module": "module.ecr",
      "mode": "managed",
      "type": "aws_ecr_repository",
      "name": "this",
      "provider": "provider[\"registry.terraform.io/hashicorp/aws\"]",
      "instances": [
        {
          "schema_version": 0,
          "attributes": {
            "arn": "arn:aws:ecr:us-east-1:625444834398:repository/expense-tracker-dev",
            "encryption_configuration": [
              {
                "encryption_type": "AES256",
                "kms_key": ""
              }
            ],
            "force_delete": null,
            "id": "expense-tracker-dev",
            "image_scanning_configuration": [
              {
                "scan_on_push": true
              }
            ],
            "image_tag_mutability": "MUTABLE",
            "image_tag_mutability_exclusion_filter": [],
            "name": "expense-tracker-dev",
            "region": "us-east-1",
            "registry_id": "625444834398",
            "repository_url": "625444834398.dkr.ecr.us-east-1.amazonaws.com/expense-tracker-dev",
            "tags": {
              "Environment": "dev",
              "ManagedBy": "terraform",
              "Owner": "chisom",
              "Project": "expense-tracker"
            },
            "tags_all": {
              "Environment": "dev",
              "ManagedBy": "terraform",
              "Owner": "chisom",
              "Project": "expense-tracker"
            },
            "timeouts": null
          },
          "sensitive_attributes": [],
          "identity_schema_version": 0,
          "identity": {
            "account_id": "625444834398",
            "name": "expense-tracker-dev",
            "region": "us-east-1"
          },
          "private": "eyJlMmJmYjczMC1lY2FhLTExZTYtOGY4OC0zNDM2M2JjN2M0YzAiOnsiZGVsZXRlIjoxMjAwMDAwMDAwMDAwfX0="
        }
      ]
    },
    {
      "module": "module.ecs",
      "mode": "managed",
      "type": "aws_cloudwatch_log_group",
      "name": "ecs",
      "provider": "provider[\"registry.terraform.io/hashicorp/aws\"]",
      "instances": [
        {
          "schema_version": 0,
          "attributes": {
            "arn": "arn:aws:logs:us-east-1:625444834398:log-group:/ecs/expense-tracker-dev-logs",
            "deletion_protection_enabled": false,
            "id": "/ecs/expense-tracker-dev-logs",
            "kms_key_id": "",
            "log_group_class": "STANDARD",
            "name": "/ecs/expense-tracker-dev-logs",
            "name_prefix": "",
            "region": "us-east-1",
            "retention_in_days": 7,
            "skip_destroy": false,
            "tags": {
              "Environment": "dev",
              "ManagedBy": "terraform",
              "Owner": "chisom",
              "Project": "expense-tracker"
            },
            "tags_all": {
              "Environment": "dev",
              "ManagedBy": "terraform",
              "Owner": "chisom",
              "Project": "expense-tracker"
            }
          },
          "sensitive_attributes": [],
          "identity_schema_version": 0,
          "identity": {
            "account_id": "625444834398",
            "name": "/ecs/expense-tracker-dev-logs",
            "region": "us-east-1"
          },
          "private": "bnVsbA==",
          "dependencies": [
            "module.acm.aws_acm_certificate.api_cert",
            "module.alb.aws_lb.app",
            "module.alb.aws_lb_listener.http",
            "module.alb.aws_lb_listener.https",
            "module.alb.aws_lb_target_group.app",
            "module.alb.aws_security_group.alb_sg",
            "module.dns.aws_acm_certificate_validation.api_cert_validation",
            "module.dns.aws_route53_record.cert_validation",
            "module.dns.aws_route53_zone.main",
            "module.networking.data.aws_subnets.default",
            "module.networking.data.aws_vpc.default"
          ]
        }
      ]
    },
    {
      "module": "module.ecs",
      "mode": "managed",
      "type": "aws_ecs_cluster",
      "name": "main",
      "provider": "provider[\"registry.terraform.io/hashicorp/aws\"]",
      "instances": [
        {
          "schema_version": 0,
          "attributes": {
            "arn": "arn:aws:ecs:us-east-1:625444834398:cluster/expense-tracker-dev-cluster",
            "configuration": [],
            "id": "arn:aws:ecs:us-east-1:625444834398:cluster/expense-tracker-dev-cluster",
            "name": "expense-tracker-dev-cluster",
            "region": "us-east-1",
            "service_connect_defaults": [],
            "setting": [
              {
                "name": "containerInsights",
                "value": "disabled"
              }
            ],
            "tags": {
              "Environment": "dev",
              "ManagedBy": "terraform",
              "Owner": "chisom",
              "Project": "expense-tracker"
            },
            "tags_all": {
              "Environment": "dev",
              "ManagedBy": "terraform",
              "Owner": "chisom",
              "Project": "expense-tracker"
            }
          },
          "sensitive_attributes": [],
          "identity_schema_version": 0,
          "private": "bnVsbA==",
          "dependencies": [
            "module.acm.aws_acm_certificate.api_cert",
            "module.alb.aws_lb.app",
            "module.alb.aws_lb_listener.http",
            "module.alb.aws_lb_listener.https",
            "module.alb.aws_lb_target_group.app",
            "module.alb.aws_security_group.alb_sg",
            "module.dns.aws_acm_certificate_validation.api_cert_validation",
            "module.dns.aws_route53_record.cert_validation",
            "module.dns.aws_route53_zone.main",
            "module.networking.data.aws_subnets.default",
            "module.networking.data.aws_vpc.default"
          ]
        }
      ]
    },
    {
      "module": "module.ecs",
      "mode": "managed",
      "type": "aws_ecs_task_definition",
      "name": "app",
      "provider": "provider[\"registry.terraform.io/hashicorp/aws\"]",
      "instances": [
        {
          "schema_version": 1,
          "attributes": {
            "arn": "arn:aws:ecs:us-east-1:625444834398:task-definition/expense-tracker-dev-task:8",
            "arn_without_revision": "arn:aws:ecs:us-east-1:625444834398:task-definition/expense-tracker-dev-task",
            "container_definitions": "[{\"environment\":[],\"essential\":true,\"image\":\"625444834398.dkr.ecr.us-east-1.amazonaws.com/expense-tracker:stable\",\"logConfiguration\":{\"logDriver\":\"awslogs\",\"options\":{\"awslogs-group\":\"/ecs/expense-tracker-dev-logs\",\"awslogs-region\":\"us-east-1\",\"awslogs-stream-prefix\":\"ecs\"}},\"mountPoints\":[],\"name\":\"expense-container\",\"portMappings\":[{\"containerPort\":8000,\"hostPort\":8000,\"protocol\":\"tcp\"}],\"secrets\":[{\"name\":\"DATABASE_URL\",\"valueFrom\":\"arn:aws:secretsmanager:us-east-1:625444834398:secret:expense-tracker-dev-database-url-yQXSfM\"},{\"name\":\"SECRET_KEY\",\"valueFrom\":\"arn:aws:secretsmanager:us-east-1:625444834398:secret:expense-tracker-dev-secret-key-aGCXs0\"}],\"systemControls\":[],\"volumesFrom\":[]}]",
            "cpu": "256",
            "enable_fault_injection": false,
            "ephemeral_storage": [],
            "execution_role_arn": "arn:aws:iam::625444834398:role/expense-tracker-dev-ecs-execution-role",
            "family": "expense-tracker-dev-task",
            "id": "expense-tracker-dev-task",
            "ipc_mode": "",
            "memory": "512",
            "network_mode": "awsvpc",
            "pid_mode": "",
            "placement_constraints": [],
            "proxy_configuration": [],
            "region": "us-east-1",
            "requires_compatibilities": [
              "FARGATE"
            ],
            "revision": 8,
            "runtime_platform": [],
            "skip_destroy": false,
            "tags": {
              "Environment": "dev",
              "ManagedBy": "terraform",
              "Owner": "chisom",
              "Project": "expense-tracker"
            },
            "tags_all": {
              "Environment": "dev",
              "ManagedBy": "terraform",
              "Owner": "chisom",
              "Project": "expense-tracker"
            },
            "task_role_arn": "arn:aws:iam::625444834398:role/expense-tracker-dev-ecs-task-role",
            "track_latest": false,
            "volume": []
          },
          "sensitive_attributes": [],
          "identity_schema_version": 0,
          "identity": {
            "account_id": "625444834398",
            "family": "expense-tracker-dev-task",
            "region": "us-east-1",
            "revision": 8
          },
          "private": "eyJzY2hlbWFfdmVyc2lvbiI6IjEifQ==",
          "dependencies": [
            "module.acm.aws_acm_certificate.api_cert",
            "module.alb.aws_lb.app",
            "module.alb.aws_lb_listener.http",
            "module.alb.aws_lb_listener.https",
            "module.alb.aws_lb_target_group.app",
            "module.alb.aws_security_group.alb_sg",
            "module.dns.aws_acm_certificate_validation.api_cert_validation",
            "module.dns.aws_route53_record.cert_validation",
            "module.dns.aws_route53_zone.main",
            "module.ecs.aws_cloudwatch_log_group.ecs",
            "module.iam.aws_iam_role.ecs_execution_role",
            "module.iam.aws_iam_role.ecs_task_role",
            "module.networking.data.aws_subnets.default",
            "module.networking.data.aws_vpc.default",
            "module.secrets.aws_secretsmanager_secret.database_url",
            "module.secrets.aws_secretsmanager_secret.secret_key"
          ]
        }
      ]
    },
    {
      "module": "module.ecs",
      "mode": "managed",
      "type": "aws_security_group",
      "name": "ecs_sg",
      "provider": "provider[\"registry.terraform.io/hashicorp/aws\"]",
      "instances": [
        {
          "schema_version": 1,
          "attributes": {
            "arn": "arn:aws:ec2:us-east-1:625444834398:security-group/sg-02378b3cfdc2fbffe",
            "description": "Managed by Terraform",
            "egress": [
              {
                "cidr_blocks": [
                  "0.0.0.0/0"
                ],
                "description": "",
                "from_port": 0,
                "ipv6_cidr_blocks": [],
                "prefix_list_ids": [],
                "protocol": "-1",
                "security_groups": [],
                "self": false,
                "to_port": 0
              }
            ],
            "id": "sg-02378b3cfdc2fbffe",
            "ingress": [
              {
                "cidr_blocks": [],
                "description": "",
                "from_port": 8000,
                "ipv6_cidr_blocks": [],
                "prefix_list_ids": [],
                "protocol": "tcp",
                "security_groups": [
                  "sg-038e09a15b041a6bb"
                ],
                "self": false,
                "to_port": 8000
              }
            ],
            "name": "expense-tracker-dev-ecs-sg",
            "name_prefix": "",
            "owner_id": "625444834398",
            "region": "us-east-1",
            "revoke_rules_on_delete": false,
            "tags": {
              "Environment": "dev",
              "ManagedBy": "terraform",
              "Owner": "chisom",
              "Project": "expense-tracker"
            },
            "tags_all": {
              "Environment": "dev",
              "ManagedBy": "terraform",
              "Owner": "chisom",
              "Project": "expense-tracker"
            },
            "timeouts": null,
            "vpc_id": "vpc-086b6ecf93cff0e1d"
          },
          "sensitive_attributes": [],
          "identity_schema_version": 0,
          "identity": {
            "account_id": "625444834398",
            "id": "sg-02378b3cfdc2fbffe",
            "region": "us-east-1"
          },
          "private": "eyJlMmJmYjczMC1lY2FhLTExZTYtOGY4OC0zNDM2M2JjN2M0YzAiOnsiY3JlYXRlIjo2MDAwMDAwMDAwMDAsImRlbGV0ZSI6OTAwMDAwMDAwMDAwfSwic2NoZW1hX3ZlcnNpb24iOiIxIn0=",
          "dependencies": [
            "module.acm.aws_acm_certificate.api_cert",
            "module.alb.aws_lb.app",
            "module.alb.aws_lb_listener.http",
            "module.alb.aws_lb_listener.https",
            "module.alb.aws_lb_target_group.app",
            "module.alb.aws_security_group.alb_sg",
            "module.dns.aws_acm_certificate_validation.api_cert_validation",
            "module.dns.aws_route53_record.cert_validation",
            "module.dns.aws_route53_zone.main",
            "module.networking.data.aws_subnets.default",
            "module.networking.data.aws_vpc.default"
          ]
        }
      ]
    },
    {
      "module": "module.iam",
      "mode": "managed",
      "type": "aws_iam_policy",
      "name": "secrets_access",
      "provider": "provider[\"registry.terraform.io/hashicorp/aws\"]",
      "instances": [
        {
          "schema_version": 0,
          "attributes": {
            "arn": "arn:aws:iam::625444834398:policy/expense-tracker-dev-secrets-policy",
            "attachment_count": 1,
            "delay_after_policy_creation_in_ms": null,
            "description": "",
            "id": "arn:aws:iam::625444834398:policy/expense-tracker-dev-secrets-policy",
            "name": "expense-tracker-dev-secrets-policy",
            "name_prefix": "",
            "path": "/",
            "policy": "{\"Statement\":[{\"Action\":[\"secretsmanager:GetSecretValue\"],\"Effect\":\"Allow\",\"Resource\":\"*\"}],\"Version\":\"2012-10-17\"}",
            "policy_id": "ANPAZDH3KZRPA4YLZFRI7",
            "tags": {
              "Environment": "dev",
              "ManagedBy": "terraform",
              "Owner": "chisom",
              "Project": "expense-tracker"
            },
            "tags_all": {
              "Environment": "dev",
              "ManagedBy": "terraform",
              "Owner": "chisom",
              "Project": "expense-tracker"
            }
          },
          "sensitive_attributes": [],
          "identity_schema_version": 0,
          "identity": {
            "arn": "arn:aws:iam::625444834398:policy/expense-tracker-dev-secrets-policy"
          },
          "private": "bnVsbA=="
        }
      ]
    },
    {
      "module": "module.iam",
      "mode": "managed",
      "type": "aws_iam_role",
      "name": "ecs_execution_role",
      "provider": "provider[\"registry.terraform.io/hashicorp/aws\"]",
      "instances": [
        {
          "schema_version": 0,
          "attributes": {
            "arn": "arn:aws:iam::625444834398:role/expense-tracker-dev-ecs-execution-role",
            "assume_role_policy": "{\"Statement\":[{\"Action\":\"sts:AssumeRole\",\"Effect\":\"Allow\",\"Principal\":{\"Service\":\"ecs-tasks.amazonaws.com\"}}],\"Version\":\"2012-10-17\"}",
            "create_date": "2026-05-20T22:43:57Z",
            "description": "",
            "force_detach_policies": false,
            "id": "expense-tracker-dev-ecs-execution-role",
            "inline_policy": [
              {
                "name": "expense-tracker-dev-ecs-secrets-policy",
                "policy": "{\"Version\":\"2012-10-17\",\"Statement\":[{\"Action\":[\"secretsmanager:GetSecretValue\"],\"Effect\":\"Allow\",\"Resource\":\"*\"}]}"
              }
            ],
            "managed_policy_arns": [
              "arn:aws:iam::aws:policy/service-role/AmazonECSTaskExecutionRolePolicy"
            ],
            "max_session_duration": 3600,
            "name": "expense-tracker-dev-ecs-execution-role",
            "name_prefix": "",
            "path": "/",
            "permissions_boundary": "",
            "tags": {
              "Environment": "dev",
              "ManagedBy": "terraform",
              "Owner": "chisom",
              "Project": "expense-tracker"
            },
            "tags_all": {
              "Environment": "dev",
              "ManagedBy": "terraform",
              "Owner": "chisom",
              "Project": "expense-tracker"
            },
            "unique_id": "AROAZDH3KZRPFES66JDA2"
          },
          "sensitive_attributes": [],
          "identity_schema_version": 0,
          "identity": {
            "account_id": "625444834398",
            "name": "expense-tracker-dev-ecs-execution-role"
          },
          "private": "bnVsbA=="
        }
      ]
    },
    {
      "module": "module.iam",
      "mode": "managed",
      "type": "aws_iam_role",
      "name": "ecs_task_role",
      "provider": "provider[\"registry.terraform.io/hashicorp/aws\"]",
      "instances": [
        {
          "schema_version": 0,
          "attributes": {
            "arn": "arn:aws:iam::625444834398:role/expense-tracker-dev-ecs-task-role",
            "assume_role_policy": "{\"Statement\":[{\"Action\":\"sts:AssumeRole\",\"Effect\":\"Allow\",\"Principal\":{\"Service\":\"ecs-tasks.amazonaws.com\"}}],\"Version\":\"2012-10-17\"}",
            "create_date": "2026-05-20T22:43:56Z",
            "description": "",
            "force_detach_policies": false,
            "id": "expense-tracker-dev-ecs-task-role",
            "inline_policy": [],
            "managed_policy_arns": [
              "arn:aws:iam::625444834398:policy/expense-tracker-dev-secrets-policy"
            ],
            "max_session_duration": 3600,
            "name": "expense-tracker-dev-ecs-task-role",
            "name_prefix": "",
            "path": "/",
            "permissions_boundary": "",
            "tags": {
              "Environment": "dev",
              "ManagedBy": "terraform",
              "Owner": "chisom",
              "Project": "expense-tracker"
            },
            "tags_all": {
              "Environment": "dev",
              "ManagedBy": "terraform",
              "Owner": "chisom",
              "Project": "expense-tracker"
            },
            "unique_id": "AROAZDH3KZRPDOZOP6JCJ"
          },
          "sensitive_attributes": [],
          "identity_schema_version": 0,
          "identity": {
            "account_id": "625444834398",
            "name": "expense-tracker-dev-ecs-task-role"
          },
          "private": "bnVsbA=="
        }
      ]
    },
    {
      "module": "module.iam",
      "mode": "managed",
      "type": "aws_iam_role_policy",
      "name": "ecs_secrets_policy",
      "provider": "provider[\"registry.terraform.io/hashicorp/aws\"]",
      "instances": [
        {
          "schema_version": 0,
          "attributes": {
            "id": "expense-tracker-dev-ecs-execution-role:expense-tracker-dev-ecs-secrets-policy",
            "name": "expense-tracker-dev-ecs-secrets-policy",
            "name_prefix": "",
            "policy": "{\"Version\":\"2012-10-17\",\"Statement\":[{\"Action\":[\"secretsmanager:GetSecretValue\"],\"Effect\":\"Allow\",\"Resource\":\"*\"}]}",
            "role": "expense-tracker-dev-ecs-execution-role"
          },
          "sensitive_attributes": [],
          "identity_schema_version": 0,
          "identity": {
            "account_id": "625444834398",
            "name": "expense-tracker-dev-ecs-secrets-policy",
            "role": "expense-tracker-dev-ecs-execution-role"
          },
          "private": "bnVsbA==",
          "dependencies": [
            "module.iam.aws_iam_role.ecs_execution_role"
          ]
        }
      ]
    },
    {
      "module": "module.iam",
      "mode": "managed",
      "type": "aws_iam_role_policy_attachment",
      "name": "ecs_execution_policy",
      "provider": "provider[\"registry.terraform.io/hashicorp/aws\"]",
      "instances": [
        {
          "schema_version": 0,
          "attributes": {
            "id": "expense-tracker-dev-ecs-execution-role/arn:aws:iam::aws:policy/service-role/AmazonECSTaskExecutionRolePolicy",
            "policy_arn": "arn:aws:iam::aws:policy/service-role/AmazonECSTaskExecutionRolePolicy",
            "role": "expense-tracker-dev-ecs-execution-role"
          },
          "sensitive_attributes": [],
          "identity_schema_version": 0,
          "identity": {
            "account_id": "625444834398",
            "policy_arn": "arn:aws:iam::aws:policy/service-role/AmazonECSTaskExecutionRolePolicy",
            "role": "expense-tracker-dev-ecs-execution-role"
          },
          "private": "bnVsbA==",
          "dependencies": [
            "module.iam.aws_iam_role.ecs_execution_role"
          ]
        }
      ]
    },
    {
      "module": "module.iam",
      "mode": "managed",
      "type": "aws_iam_role_policy_attachment",
      "name": "task_secrets_policy_attachment",
      "provider": "provider[\"registry.terraform.io/hashicorp/aws\"]",
      "instances": [
        {
          "schema_version": 0,
          "attributes": {
            "id": "expense-tracker-dev-ecs-task-role/arn:aws:iam::625444834398:policy/expense-tracker-dev-secrets-policy",
            "policy_arn": "arn:aws:iam::625444834398:policy/expense-tracker-dev-secrets-policy",
            "role": "expense-tracker-dev-ecs-task-role"
          },
          "sensitive_attributes": [],
          "identity_schema_version": 0,
          "identity": {
            "account_id": "625444834398",
            "policy_arn": "arn:aws:iam::625444834398:policy/expense-tracker-dev-secrets-policy",
            "role": "expense-tracker-dev-ecs-task-role"
          },
          "private": "bnVsbA==",
          "dependencies": [
            "module.iam.aws_iam_policy.secrets_access",
            "module.iam.aws_iam_role.ecs_task_role"
          ]
        }
      ]
    },
    {
      "module": "module.networking",
      "mode": "data",
      "type": "aws_subnets",
      "name": "default",
      "provider": "provider[\"registry.terraform.io/hashicorp/aws\"]",
      "instances": [
        {
          "schema_version": 0,
          "attributes": {
            "filter": [
              {
                "name": "vpc-id",
                "values": [
                  "vpc-086b6ecf93cff0e1d"
                ]
              }
            ],
            "id": "us-east-1",
            "ids": [
              "subnet-07a21dad870439056",
              "subnet-0288e41d00fcc0f7e",
              "subnet-083297fa67f45925c",
              "subnet-07828bfa0bb517c14",
              "subnet-0ba1c4eaed5c7490f",
              "subnet-0f0f21e921fde0313"
            ],
            "region": "us-east-1",
            "tags": null,
            "timeouts": null
          },
          "sensitive_attributes": [],
          "identity_schema_version": 0
        }
      ]
    },
    {
      "module": "module.networking",
      "mode": "data",
      "type": "aws_vpc",
      "name": "default",
      "provider": "provider[\"registry.terraform.io/hashicorp/aws\"]",
      "instances": [
        {
          "schema_version": 0,
          "attributes": {
            "arn": "arn:aws:ec2:us-east-1:625444834398:vpc/vpc-086b6ecf93cff0e1d",
            "cidr_block": "172.31.0.0/16",
            "cidr_block_associations": [
              {
                "association_id": "vpc-cidr-assoc-043ffa400267ad224",
                "cidr_block": "172.31.0.0/16",
                "state": "associated"
              }
            ],
            "default": true,
            "dhcp_options_id": "dopt-03b798301095b0df0",
            "enable_dns_hostnames": true,
            "enable_dns_support": true,
            "enable_network_address_usage_metrics": false,
            "filter": null,
            "id": "vpc-086b6ecf93cff0e1d",
            "instance_tenancy": "default",
            "ipv6_association_id": "",
            "ipv6_cidr_block": "",
            "main_route_table_id": "rtb-037e291326ca622fb",
            "owner_id": "625444834398",
            "region": "us-east-1",
            "state": null,
            "tags": {},
            "timeouts": null
          },
          "sensitive_attributes": [],
          "identity_schema_version": 0
        }
      ]
    },
    {
      "module": "module.rds",
      "mode": "managed",
      "type": "aws_db_instance",
      "name": "postgres",
      "provider": "provider[\"registry.terraform.io/hashicorp/aws\"]",
      "instances": [
        {
          "schema_version": 2,
          "attributes": {
            "address": "expense-tracker-dev-db-instance.c054yka6y3lz.us-east-1.rds.amazonaws.com",
            "allocated_storage": 20,
            "allow_major_version_upgrade": null,
            "apply_immediately": false,
            "arn": "arn:aws:rds:us-east-1:625444834398:db:expense-tracker-dev-db-instance",
            "auto_minor_version_upgrade": true,
            "availability_zone": "us-east-1d",
            "backup_retention_period": 0,
            "backup_target": "region",
            "backup_window": "07:19-07:49",
            "blue_green_update": [],
            "ca_cert_identifier": "rds-ca-rsa2048-g1",
            "character_set_name": "",
            "copy_tags_to_snapshot": false,
            "custom_iam_instance_profile": "",
            "customer_owned_ip_enabled": false,
            "database_insights_mode": "standard",
            "db_name": "expense_db",
            "db_subnet_group_name": "expense-tracker-dev-db-subnet-group",
            "dedicated_log_volume": false,
            "delete_automated_backups": true,
            "deletion_protection": false,
            "domain": "",
            "domain_auth_secret_arn": "",
            "domain_dns_ips": [],
            "domain_fqdn": "",
            "domain_iam_role_name": "",
            "domain_ou": "",
            "enabled_cloudwatch_logs_exports": [],
            "endpoint": "expense-tracker-dev-db-instance.c054yka6y3lz.us-east-1.rds.amazonaws.com:5432",
            "engine": "postgres",
            "engine_lifecycle_support": "open-source-rds-extended-support",
            "engine_version": "15",
            "engine_version_actual": "15.17",
            "final_snapshot_identifier": null,
            "hosted_zone_id": "Z2R2ITUGPM61AM",
            "iam_database_authentication_enabled": false,
            "id": "db-CXO6FQHQEVQGHTBVQGISBQW4BA",
            "identifier": "expense-tracker-dev-db-instance",
            "identifier_prefix": "",
            "instance_class": "db.t3.micro",
            "iops": 3000,
            "kms_key_id": "",
            "latest_restorable_time": "",
            "license_model": "postgresql-license",
            "listener_endpoint": [],
            "maintenance_window": "sat:09:14-sat:09:44",
            "manage_master_user_password": null,
            "master_user_secret": [],
            "master_user_secret_kms_key_id": null,
            "max_allocated_storage": 0,
            "monitoring_interval": 0,
            "monitoring_role_arn": "",
            "multi_az": false,
            "nchar_character_set_name": "",
            "network_type": "IPV4",
            "option_group_name": "default:postgres-15",
            "parameter_group_name": "default.postgres15",
            "password": "042-LQZ0orGcE",
            "password_wo": null,
            "password_wo_version": null,
            "performance_insights_enabled": false,
            "performance_insights_kms_key_id": "",
            "performance_insights_retention_period": 0,
            "port": 5432,
            "publicly_accessible": false,
            "region": "us-east-1",
            "replica_mode": "",
            "replicas": [],
            "replicate_source_db": "",
            "resource_id": "db-CXO6FQHQEVQGHTBVQGISBQW4BA",
            "restore_to_point_in_time": [],
            "s3_import": [],
            "skip_final_snapshot": true,
            "snapshot_identifier": null,
            "status": "available",
            "storage_encrypted": false,
            "storage_throughput": 125,
            "storage_type": "gp3",
            "tags": {
              "Environment": "dev",
              "ManagedBy": "terraform",
              "Owner": "chisom",
              "Project": "expense-tracker"
            },
            "tags_all": {
              "Environment": "dev",
              "ManagedBy": "terraform",
              "Owner": "chisom",
              "Project": "expense-tracker"
            },
            "timeouts": null,
            "timezone": "",
            "upgrade_rollout_order": "second",
            "upgrade_storage_config": null,
            "username": "postgreschis0m",
            "vpc_security_group_ids": [
              "sg-071259fa6c9db4d0d"
            ]
          },
          "sensitive_attributes": [
            [
              {
                "type": "get_attr",
                "value": "password"
              }
            ],
            [
              {
                "type": "get_attr",
                "value": "password_wo"
              }
            ],
            [
              {
                "type": "get_attr",
                "value": "username"
              }
            ]
          ],
          "identity_schema_version": 0,
          "private": "eyJlMmJmYjczMC1lY2FhLTExZTYtOGY4OC0zNDM2M2JjN2M0YzAiOnsiY3JlYXRlIjozMDAwMDAwMDAwMDAwLCJkZWxldGUiOjM2MDAwMDAwMDAwMDAsInVwZGF0ZSI6NDgwMDAwMDAwMDAwMH0sInNjaGVtYV92ZXJzaW9uIjoiMiJ9",
          "dependencies": [
            "module.acm.aws_acm_certificate.api_cert",
            "module.alb.aws_lb.app",
            "module.alb.aws_lb_listener.http",
            "module.alb.aws_lb_listener.https",
            "module.alb.aws_lb_target_group.app",
            "module.alb.aws_security_group.alb_sg",
            "module.dns.aws_acm_certificate_validation.api_cert_validation",
            "module.dns.aws_route53_record.cert_validation",
            "module.dns.aws_route53_zone.main",
            "module.ecs.aws_security_group.ecs_sg",
            "module.networking.data.aws_subnets.default",
            "module.networking.data.aws_vpc.default",
            "module.rds.aws_db_subnet_group.main",
            "module.rds.aws_security_group.rds_sg"
          ]
        }
      ]
    },
    {
      "module": "module.rds",
      "mode": "managed",
      "type": "aws_db_subnet_group",
      "name": "main",
      "provider": "provider[\"registry.terraform.io/hashicorp/aws\"]",
      "instances": [
        {
          "schema_version": 0,
          "attributes": {
            "arn": "arn:aws:rds:us-east-1:625444834398:subgrp:expense-tracker-dev-db-subnet-group",
            "description": "Managed by Terraform",
            "id": "expense-tracker-dev-db-subnet-group",
            "name": "expense-tracker-dev-db-subnet-group",
            "name_prefix": "",
            "region": "us-east-1",
            "subnet_ids": [
              "subnet-0288e41d00fcc0f7e",
              "subnet-07828bfa0bb517c14",
              "subnet-07a21dad870439056",
              "subnet-083297fa67f45925c",
              "subnet-0ba1c4eaed5c7490f",
              "subnet-0f0f21e921fde0313"
            ],
            "supported_network_types": [
              "IPV4"
            ],
            "tags": {
              "Environment": "dev",
              "ManagedBy": "terraform",
              "Owner": "chisom",
              "Project": "expense-tracker"
            },
            "tags_all": {
              "Environment": "dev",
              "ManagedBy": "terraform",
              "Owner": "chisom",
              "Project": "expense-tracker"
            },
            "vpc_id": "vpc-086b6ecf93cff0e1d"
          },
          "sensitive_attributes": [],
          "identity_schema_version": 0,
          "identity": {
            "account_id": "625444834398",
            "name": "expense-tracker-dev-db-subnet-group",
            "region": "us-east-1"
          },
          "private": "bnVsbA==",
          "dependencies": [
            "module.networking.data.aws_subnets.default",
            "module.networking.data.aws_vpc.default"
          ]
        }
      ]
    },
    {
      "module": "module.rds",
      "mode": "managed",
      "type": "aws_security_group",
      "name": "rds_sg",
      "provider": "provider[\"registry.terraform.io/hashicorp/aws\"]",
      "instances": [
        {
          "schema_version": 1,
          "attributes": {
            "arn": "arn:aws:ec2:us-east-1:625444834398:security-group/sg-071259fa6c9db4d0d",
            "description": "Managed by Terraform",
            "egress": [
              {
                "cidr_blocks": [
                  "0.0.0.0/0"
                ],
                "description": "",
                "from_port": 0,
                "ipv6_cidr_blocks": [],
                "prefix_list_ids": [],
                "protocol": "-1",
                "security_groups": [],
                "self": false,
                "to_port": 0
              }
            ],
            "id": "sg-071259fa6c9db4d0d",
            "ingress": [
              {
                "cidr_blocks": [],
                "description": "",
                "from_port": 5432,
                "ipv6_cidr_blocks": [],
                "prefix_list_ids": [],
                "protocol": "tcp",
                "security_groups": [
                  "sg-02378b3cfdc2fbffe"
                ],
                "self": false,
                "to_port": 5432
              }
            ],
            "name": "expense-tracker-dev-rds-sg",
            "name_prefix": "",
            "owner_id": "625444834398",
            "region": "us-east-1",
            "revoke_rules_on_delete": false,
            "tags": {
              "Environment": "dev",
              "ManagedBy": "terraform",
              "Owner": "chisom",
              "Project": "expense-tracker"
            },
            "tags_all": {
              "Environment": "dev",
              "ManagedBy": "terraform",
              "Owner": "chisom",
              "Project": "expense-tracker"
            },
            "timeouts": null,
            "vpc_id": "vpc-086b6ecf93cff0e1d"
          },
          "sensitive_attributes": [],
          "identity_schema_version": 0,
          "identity": {
            "account_id": "625444834398",
            "id": "sg-071259fa6c9db4d0d",
            "region": "us-east-1"
          },
          "private": "eyJlMmJmYjczMC1lY2FhLTExZTYtOGY4OC0zNDM2M2JjN2M0YzAiOnsiY3JlYXRlIjo2MDAwMDAwMDAwMDAsImRlbGV0ZSI6OTAwMDAwMDAwMDAwfSwic2NoZW1hX3ZlcnNpb24iOiIxIn0=",
          "dependencies": [
            "module.acm.aws_acm_certificate.api_cert",
            "module.alb.aws_lb.app",
            "module.alb.aws_lb_listener.http",
            "module.alb.aws_lb_listener.https",
            "module.alb.aws_lb_target_group.app",
            "module.alb.aws_security_group.alb_sg",
            "module.dns.aws_acm_certificate_validation.api_cert_validation",
            "module.dns.aws_route53_record.cert_validation",
            "module.dns.aws_route53_zone.main",
            "module.ecs.aws_security_group.ecs_sg",
            "module.networking.data.aws_subnets.default",
            "module.networking.data.aws_vpc.default"
          ]
        }
      ]
    },
    {
      "module": "module.secrets",
      "mode": "managed",
      "type": "aws_secretsmanager_secret",
      "name": "database_url",
      "provider": "provider[\"registry.terraform.io/hashicorp/aws\"]",
      "instances": [
        {
          "schema_version": 0,
          "attributes": {
            "arn": "arn:aws:secretsmanager:us-east-1:625444834398:secret:expense-tracker-dev-database-url-yQXSfM",
            "description": "",
            "force_overwrite_replica_secret": false,
            "id": "arn:aws:secretsmanager:us-east-1:625444834398:secret:expense-tracker-dev-database-url-yQXSfM",
            "kms_key_id": "",
            "name": "expense-tracker-dev-database-url",
            "name_prefix": "",
            "policy": "",
            "recovery_window_in_days": 30,
            "region": "us-east-1",
            "replica": [],
            "tags": {
              "Environment": "dev",
              "ManagedBy": "terraform",
              "Owner": "chisom",
              "Project": "expense-tracker"
            },
            "tags_all": {
              "Environment": "dev",
              "ManagedBy": "terraform",
              "Owner": "chisom",
              "Project": "expense-tracker"
            }
          },
          "sensitive_attributes": [],
          "identity_schema_version": 0,
          "identity": {
            "arn": "arn:aws:secretsmanager:us-east-1:625444834398:secret:expense-tracker-dev-database-url-yQXSfM"
          },
          "private": "bnVsbA=="
        }
      ]
    },
    {
      "module": "module.secrets",
      "mode": "managed",
      "type": "aws_secretsmanager_secret",
      "name": "secret_key",
      "provider": "provider[\"registry.terraform.io/hashicorp/aws\"]",
      "instances": [
        {
          "schema_version": 0,
          "attributes": {
            "arn": "arn:aws:secretsmanager:us-east-1:625444834398:secret:expense-tracker-dev-secret-key-aGCXs0",
            "description": "",
            "force_overwrite_replica_secret": false,
            "id": "arn:aws:secretsmanager:us-east-1:625444834398:secret:expense-tracker-dev-secret-key-aGCXs0",
            "kms_key_id": "",
            "name": "expense-tracker-dev-secret-key",
            "name_prefix": "",
            "policy": "",
            "recovery_window_in_days": 30,
            "region": "us-east-1",
            "replica": [],
            "tags": {
              "Environment": "dev",
              "ManagedBy": "terraform",
              "Owner": "chisom",
              "Project": "expense-tracker"
            },
            "tags_all": {
              "Environment": "dev",
              "ManagedBy": "terraform",
              "Owner": "chisom",
              "Project": "expense-tracker"
            }
          },
          "sensitive_attributes": [],
          "identity_schema_version": 0,
          "identity": {
            "arn": "arn:aws:secretsmanager:us-east-1:625444834398:secret:expense-tracker-dev-secret-key-aGCXs0"
          },
          "private": "bnVsbA=="
        }
      ]
    },
    {
      "module": "module.secrets",
      "mode": "managed",
      "type": "aws_secretsmanager_secret_version",
      "name": "database_url",
      "provider": "provider[\"registry.terraform.io/hashicorp/aws\"]",
      "instances": [
        {
          "schema_version": 0,
          "attributes": {
            "arn": "arn:aws:secretsmanager:us-east-1:625444834398:secret:expense-tracker-dev-database-url-yQXSfM",
            "has_secret_string_wo": null,
            "id": "arn:aws:secretsmanager:us-east-1:625444834398:secret:expense-tracker-dev-database-url-yQXSfM|terraform-20260520231218097700000002",
            "region": "us-east-1",
            "secret_binary": "",
            "secret_id": "arn:aws:secretsmanager:us-east-1:625444834398:secret:expense-tracker-dev-database-url-yQXSfM",
            "secret_string": "postgresql://postgreschis0m:042-LQZ0orGcE@expense-db.c054yka6y3lz.us-east-1.rds.amazonaws.com:5432/expense_db",
            "secret_string_wo": null,
            "secret_string_wo_version": null,
            "version_id": "terraform-20260520231218097700000002",
            "version_stages": [
              "AWSCURRENT"
            ]
          },
          "sensitive_attributes": [
            [
              {
                "type": "get_attr",
                "value": "secret_binary"
              }
            ],
            [
              {
                "type": "get_attr",
                "value": "secret_string"
              }
            ],
            [
              {
                "type": "get_attr",
                "value": "secret_string_wo"
              }
            ]
          ],
          "identity_schema_version": 0,
          "identity": {
            "account_id": "625444834398",
            "region": "us-east-1",
            "secret_id": "arn:aws:secretsmanager:us-east-1:625444834398:secret:expense-tracker-dev-database-url-yQXSfM",
            "version_id": "terraform-20260520231218097700000002"
          },
          "private": "bnVsbA==",
          "dependencies": [
            "module.secrets.aws_secretsmanager_secret.database_url"
          ]
        }
      ]
    },
    {
      "module": "module.secrets",
      "mode": "managed",
      "type": "aws_secretsmanager_secret_version",
      "name": "secret_key",
      "provider": "provider[\"registry.terraform.io/hashicorp/aws\"]",
      "instances": [
        {
          "schema_version": 0,
          "attributes": {
            "arn": "arn:aws:secretsmanager:us-east-1:625444834398:secret:expense-tracker-dev-secret-key-aGCXs0",
            "has_secret_string_wo": null,
            "id": "arn:aws:secretsmanager:us-east-1:625444834398:secret:expense-tracker-dev-secret-key-aGCXs0|terraform-20260520231218097500000001",
            "region": "us-east-1",
            "secret_binary": "",
            "secret_id": "arn:aws:secretsmanager:us-east-1:625444834398:secret:expense-tracker-dev-secret-key-aGCXs0",
            "secret_string": "609ba7f705c746053db8def0056d4a8c1c9ded5323f19ad4fd147d9d09391431",
            "secret_string_wo": null,
            "secret_string_wo_version": null,
            "version_id": "terraform-20260520231218097500000001",
            "version_stages": [
              "AWSCURRENT"
            ]
          },
          "sensitive_attributes": [
            [
              {
                "type": "get_attr",
                "value": "secret_binary"
              }
            ],
            [
              {
                "type": "get_attr",
                "value": "secret_string"
              }
            ],
            [
              {
                "type": "get_attr",
                "value": "secret_string_wo"
              }
            ]
          ],
          "identity_schema_version": 0,
          "identity": {
            "account_id": "625444834398",
            "region": "us-east-1",
            "secret_id": "arn:aws:secretsmanager:us-east-1:625444834398:secret:expense-tracker-dev-secret-key-aGCXs0",
            "version_id": "terraform-20260520231218097500000001"
          },
          "private": "bnVsbA==",
          "dependencies": [
            "module.secrets.aws_secretsmanager_secret.secret_key"
          ]
        }
      ]
    }
  ],
  "check_results": null
}
